Microsoft Visual Studio Solution File, Format Version 12.00
# Visual Studio Version 17
VisualStudioVersion = 17.13.35825.156
MinimumVisualStudioVersion = 10.0.40219.1
Project("{FAE04EC0-301F-11D3-BF4B-00C04F79EFBC}") = "ChronoTrack", "ChronoTrack\ChronoTrack.csproj", "{DE9CA8AD-4D1F-4C8F-87DA-7F5F81A3AF47}"
EndProject
Global
	GlobalSection(SolutionConfigurationPlatforms) = preSolution
		Debug|Any CPU = Debug|Any CPU
		Release|Any CPU = Release|Any CPU
	EndGlobalSection
	GlobalSection(ProjectConfigurationPlatforms) = postSolution
		{DE9CA8AD-4D1F-4C8F-87DA-7F5F81A3AF47}.Debug|Any CPU.ActiveCfg = Debug|Any CPU
		{DE9CA8AD-4D1F-4C8F-87DA-7F5F81A3AF47}.Debug|Any CPU.Build.0 = Debug|Any CPU
		{DE9CA8AD-4D1F-4C8F-87DA-7F5F81A3AF47}.Release|Any CPU.ActiveCfg = Release|Any CPU
		{DE9CA8AD-4D1F-4C8F-87DA-7F5F81A3AF47}.Release|Any CPU.Build.0 = Release|Any CPU
	EndGlobalSection
	GlobalSection(SolutionProperties) = preSolution
		HideSolutionNode = FALSE
	EndGlobalSection
	GlobalSection(ExtensibilityGlobals) = postSolution
		SolutionGuid = {443E0F19-E518-4701-8DB2-E6041BAE4CB1}
	EndGlobalSection
EndGlobal
